<?xml version="1.0" encoding="utf-8"?>
<Project ToolsVersion="4.0" xmlns="http://schemas.microsoft.com/developer/msbuild/2003">
  <ItemGroup>
    <Filter Include="Source Files">
      <UniqueIdentifier>{4FC737F1-C7A5-4376-A066-2A32D752A2FF}</UniqueIdentifier>
      <Extensions>cpp;c;cc;cxx;def;odl;idl;hpj;bat;asm;asmx</Extensions>
    </Filter>
    <Filter Include="logic">
      <UniqueIdentifier>{91be3891-ad89-4ba7-a1a1-cb3031d00549}</UniqueIdentifier>
    </Filter>
    <Filter Include="DataTypes">
      <UniqueIdentifier>{05a6b990-1844-4c8b-a690-415a9b3e7567}</UniqueIdentifier>
    </Filter>
    <Filter Include="Imported">
      <UniqueIdentifier>{52579d53-eaf8-4876-9cea-3157757a3e11}</UniqueIdentifier>
    </Filter>
    <Filter Include="Data">
      <UniqueIdentifier>{baf3c483-df3f-4e3c-b122-4cb7a04a6d8b}</UniqueIdentifier>
    </Filter>
    <Filter Include="logic\PriceCount">
      <UniqueIdentifier>{5e4962c6-1e47-4e4c-9143-553383eb16ef}</UniqueIdentifier>
    </Filter>
  </ItemGroup>
  <ItemGroup>
    <Text Include="Text.txt" />
  </ItemGroup>
  <ItemGroup>
    <ClCompile Include="main.cpp">
      <Filter>Source Files</Filter>
    </ClCompile>
    <ClCompile Include="Imported\cJSON.c">
      <Filter>Imported</Filter>
    </ClCompile>
    <ClCompile Include="DataTypes\Abonent.cpp">
      <Filter>DataTypes</Filter>
    </ClCompile>
    <ClCompile Include="DataTypes\AbonentData.cpp">
      <Filter>DataTypes</Filter>
    </ClCompile>
    <ClCompile Include="DataTypes\ActiveCall.cpp">
      <Filter>DataTypes</Filter>
    </ClCompile>
    <ClCompile Include="DataTypes\Tariff.cpp">
      <Filter>DataTypes</Filter>
    </ClCompile>
    <ClCompile Include="logic\BalanceController.cpp">
      <Filter>logic</Filter>
    </ClCompile>
    <ClCompile Include="logic\CallsManager.cpp">
      <Filter>logic</Filter>
    </ClCompile>
    <ClCompile Include="logic\InputController.cpp">
      <Filter>logic</Filter>
    </ClCompile>
    <ClCompile Include="logic\Utils.cpp">
      <Filter>logic</Filter>
    </ClCompile>
    <ClCompile Include="Data\BillingModel.cpp">
      <Filter>Data</Filter>
    </ClCompile>
    <ClCompile Include="logic\priceCount\GeneralPriceCalc.cpp">
      <Filter>logic\PriceCount</Filter>
    </ClCompile>
    <ClCompile Include="logic\priceCount\PriceCalcWithFreeMinutes.cpp">
      <Filter>logic\PriceCount</Filter>
    </ClCompile>
    <ClCompile Include="logic\priceCount\PriceCalcWeekend.cpp">
      <Filter>logic\PriceCount</Filter>
    </ClCompile>
    <ClCompile Include="Data\AbonentsModel.cpp">
      <Filter>Data</Filter>
    </ClCompile>
  </ItemGroup>
  <ItemGroup>
    <ClInclude Include="Imported\cJSON.h">
      <Filter>Imported</Filter>
    </ClInclude>
    <ClInclude Include="DataTypes\Abonent.h">
      <Filter>DataTypes</Filter>
    </ClInclude>
    <ClInclude Include="DataTypes\AbonentData.h">
      <Filter>DataTypes</Filter>
    </ClInclude>
    <ClInclude Include="DataTypes\ActiveCall.h">
      <Filter>DataTypes</Filter>
    </ClInclude>
    <ClInclude Include="DataTypes\Tariff.h">
      <Filter>DataTypes</Filter>
    </ClInclude>
    <ClInclude Include="logic\BalanceController.h">
      <Filter>logic</Filter>
    </ClInclude>
    <ClInclude Include="logic\CallsManager.h">
      <Filter>logic</Filter>
    </ClInclude>
    <ClInclude Include="logic\InputController.h">
      <Filter>logic</Filter>
    </ClInclude>
    <ClInclude Include="logic\Utils.h">
      <Filter>logic</Filter>
    </ClInclude>
    <ClInclude Include="Data\BillingModel.h">
      <Filter>Data</Filter>
    </ClInclude>
    <ClInclude Include="logic\priceCount\GeneralPriceCalc.h">
      <Filter>logic\PriceCount</Filter>
    </ClInclude>
    <ClInclude Include="logic\priceCount\PriceCalcWithFreeMinutes.h">
      <Filter>logic\PriceCount</Filter>
    </ClInclude>
    <ClInclude Include="logic\priceCount\PriceCalcWeekend.h">
      <Filter>logic\PriceCount</Filter>
    </ClInclude>
    <ClInclude Include="logic\priceCount\IPriceCalculator.h">
      <Filter>logic\PriceCount</Filter>
    </ClInclude>
    <ClInclude Include="Data\AbonentsModel.h">
      <Filter>Data</Filter>
    </ClInclude>
  </ItemGroup>
</Project>